
Microsoft Visual Studio Solution File, Format Version 12.00
# Visual Studio 2013
VisualStudioVersion = 12.0.40629.0
MinimumVisualStudioVersion = 10.0.40219.1
Project("{FAE04EC0-301F-11D3-BF4B-00C04F79EFBC}") = "change-masterPage-dynamically", "change-masterPage-dynamically\change-masterPage-dynamically.csproj", "{1C7C8580-31C5-4E16-B8AB-2C090532ED60}"
EndProject
Global
	GlobalSection(SolutionConfigurationPlatforms) = preSolution
		Debug|Any CPU = Debug|Any CPU
		Release|Any CPU = Release|Any CPU
	EndGlobalSection
	GlobalSection(ProjectConfigurationPlatforms) = postSolution
		{1C7C8580-31C5-4E16-B8AB-2C090532ED60}.Debug|Any CPU.ActiveCfg = Debug|Any CPU
		{1C7C8580-31C5-4E16-B8AB-2C090532ED60}.Debug|Any CPU.Build.0 = Debug|Any CPU
		{1C7C8580-31C5-4E16-B8AB-2C090532ED60}.Release|Any CPU.ActiveCfg = Release|Any CPU
		{1C7C8580-31C5-4E16-B8AB-2C090532ED60}.Release|Any CPU.Build.0 = Release|Any CPU
	EndGlobalSection
	GlobalSection(SolutionProperties) = preSolution
		HideSolutionNode = FALSE
	EndGlobalSection
EndGlobal
